
Microsoft Visual Studio Solution File, Format Version 12.00
# Visual Studio Version 16
VisualStudioVersion = 16.0.29215.179
MinimumVisualStudioVersion = 10.0.40219.1
Project("{FAE04EC0-301F-11D3-BF4B-00C04F79EFBC}") = "Swaggger5Test", "Swaggger5Test.csproj", "{491108F6-5EA0-49D8-8D95-9DD9EF226A3D}"
EndProject
Project("{FAE04EC0-301F-11D3-BF4B-00C04F79EFBC}") = "Swagger5Test.Models", "..\Swagger5Test.Models\Swagger5Test.Models.csproj", "{0A25A3B2-14CF-4151-8F2D-23F9E9E1888D}"
EndProject
Global
	GlobalSection(SolutionConfigurationPlatforms) = preSolution
		Debug|Any CPU = Debug|Any CPU
		Release|Any CPU = Release|Any CPU
	EndGlobalSection
	GlobalSection(ProjectConfigurationPlatforms) = postSolution
		{491108F6-5EA0-49D8-8D95-9DD9EF226A3D}.Debug|Any CPU.ActiveCfg = Debug|Any CPU
		{491108F6-5EA0-49D8-8D95-9DD9EF226A3D}.Debug|Any CPU.Build.0 = Debug|Any CPU
		{491108F6-5EA0-49D8-8D95-9DD9EF226A3D}.Release|Any CPU.ActiveCfg = Release|Any CPU
		{491108F6-5EA0-49D8-8D95-9DD9EF226A3D}.Release|Any CPU.Build.0 = Release|Any CPU
		{0A25A3B2-14CF-4151-8F2D-23F9E9E1888D}.Debug|Any CPU.ActiveCfg = Debug|Any CPU
		{0A25A3B2-14CF-4151-8F2D-23F9E9E1888D}.Debug|Any CPU.Build.0 = Debug|Any CPU
		{0A25A3B2-14CF-4151-8F2D-23F9E9E1888D}.Release|Any CPU.ActiveCfg = Release|Any CPU
		{0A25A3B2-14CF-4151-8F2D-23F9E9E1888D}.Release|Any CPU.Build.0 = Release|Any CPU
	EndGlobalSection
	GlobalSection(SolutionProperties) = preSolution
		HideSolutionNode = FALSE
	EndGlobalSection
	GlobalSection(ExtensibilityGlobals) = postSolution
		SolutionGuid = {6A1F7C76-E6B3-49A3-8725-737075A34664}
	EndGlobalSection
EndGlobal
